
Microsoft Visual Studio Solution File, Format Version 12.00
# Visual Studio Version 17
VisualStudioVersion = 17.1.32421.90
MinimumVisualStudioVersion = 10.0.40219.1
Project("{2150E333-8FDC-42A3-9474-1A3956D46DE8}") = "Src", "Src", "{9DCCC5B1-E7CA-4FB1-BB5B-AB09E3B1D929}"
EndProject
Project("{2150E333-8FDC-42A3-9474-1A3956D46DE8}") = "Test", "Test", "{8BE49286-CA1D-44CA-8266-2916B5D668BD}"
EndProject
Project("{2150E333-8FDC-42A3-9474-1A3956D46DE8}") = "Core", "Core", "{CD3B436C-E488-4001-89BC-EB2C132AAF09}"
EndProject
Project("{2150E333-8FDC-42A3-9474-1A3956D46DE8}") = "Infrastructures", "Infrastructures", "{31D711C7-86B5-4E76-B185-7B27A723A5AA}"
EndProject
Project("{2150E333-8FDC-42A3-9474-1A3956D46DE8}") = "Persistences", "Persistences", "{C7C6B9F9-EB5E-43F1-9708-811FE552407F}"
EndProject
Project("{2150E333-8FDC-42A3-9474-1A3956D46DE8}") = "Persentations", "Persentations", "{D6ED4055-2A3B-4BEF-A76B-230F6FE7749F}"
EndProject
Project("{FAE04EC0-301F-11D3-BF4B-00C04F79EFBC}") = "Application", "Application\Application.csproj", "{EA0642AC-62F1-495A-A123-B6BDAB4BC202}"
EndProject
Project("{FAE04EC0-301F-11D3-BF4B-00C04F79EFBC}") = "Domain", "Domain\Domain.csproj", "{C14C4BE8-0C68-4A93-B324-06434BD0DFDE}"
EndProject
Project("{FAE04EC0-301F-11D3-BF4B-00C04F79EFBC}") = "Infrastructure", "Infrastructure\Infrastructure.csproj", "{84944841-BF3F-4D17-AAD5-512D2A5B09E9}"
EndProject
Project("{FAE04EC0-301F-11D3-BF4B-00C04F79EFBC}") = "ShoppingUI", "ShoppingUI\ShoppingUI.csproj", "{13062522-E73E-432C-BA86-E06195AA0EF7}"
EndProject
Project("{FAE04EC0-301F-11D3-BF4B-00C04F79EFBC}") = "Admin", "Admin\Admin.csproj", "{D40600FC-6210-4CD3-A5C7-29C0EF0DBE70}"
EndProject
Project("{FAE04EC0-301F-11D3-BF4B-00C04F79EFBC}") = "StaticFiles", "StaticFiles\StaticFiles.csproj", "{EFBC0B0D-63C3-4110-8743-F4997BA3EECE}"
EndProject
Project("{FAE04EC0-301F-11D3-BF4B-00C04F79EFBC}") = "Persistence", "Persistence\Persistence.csproj", "{C811511B-F650-47AB-9E53-E1003C5B7859}"
EndProject
Global
	GlobalSection(SolutionConfigurationPlatforms) = preSolution
		Debug|Any CPU = Debug|Any CPU
		Release|Any CPU = Release|Any CPU
	EndGlobalSection
	GlobalSection(ProjectConfigurationPlatforms) = postSolution
		{EA0642AC-62F1-495A-A123-B6BDAB4BC202}.Debug|Any CPU.ActiveCfg = Debug|Any CPU
		{EA0642AC-62F1-495A-A123-B6BDAB4BC202}.Debug|Any CPU.Build.0 = Debug|Any CPU
		{EA0642AC-62F1-495A-A123-B6BDAB4BC202}.Release|Any CPU.ActiveCfg = Release|Any CPU
		{EA0642AC-62F1-495A-A123-B6BDAB4BC202}.Release|Any CPU.Build.0 = Release|Any CPU
		{C14C4BE8-0C68-4A93-B324-06434BD0DFDE}.Debug|Any CPU.ActiveCfg = Debug|Any CPU
		{C14C4BE8-0C68-4A93-B324-06434BD0DFDE}.Debug|Any CPU.Build.0 = Debug|Any CPU
		{C14C4BE8-0C68-4A93-B324-06434BD0DFDE}.Release|Any CPU.ActiveCfg = Release|Any CPU
		{C14C4BE8-0C68-4A93-B324-06434BD0DFDE}.Release|Any CPU.Build.0 = Release|Any CPU
		{84944841-BF3F-4D17-AAD5-512D2A5B09E9}.Debug|Any CPU.ActiveCfg = Debug|Any CPU
		{84944841-BF3F-4D17-AAD5-512D2A5B09E9}.Debug|Any CPU.Build.0 = Debug|Any CPU
		{84944841-BF3F-4D17-AAD5-512D2A5B09E9}.Release|Any CPU.ActiveCfg = Release|Any CPU
		{84944841-BF3F-4D17-AAD5-512D2A5B09E9}.Release|Any CPU.Build.0 = Release|Any CPU
		{13062522-E73E-432C-BA86-E06195AA0EF7}.Debug|Any CPU.ActiveCfg = Debug|Any CPU
		{13062522-E73E-432C-BA86-E06195AA0EF7}.Debug|Any CPU.Build.0 = Debug|Any CPU
		{13062522-E73E-432C-BA86-E06195AA0EF7}.Release|Any CPU.ActiveCfg = Release|Any CPU
		{13062522-E73E-432C-BA86-E06195AA0EF7}.Release|Any CPU.Build.0 = Release|Any CPU
		{D40600FC-6210-4CD3-A5C7-29C0EF0DBE70}.Debug|Any CPU.ActiveCfg = Debug|Any CPU
		{D40600FC-6210-4CD3-A5C7-29C0EF0DBE70}.Debug|Any CPU.Build.0 = Debug|Any CPU
		{D40600FC-6210-4CD3-A5C7-29C0EF0DBE70}.Release|Any CPU.ActiveCfg = Release|Any CPU
		{D40600FC-6210-4CD3-A5C7-29C0EF0DBE70}.Release|Any CPU.Build.0 = Release|Any CPU
		{EFBC0B0D-63C3-4110-8743-F4997BA3EECE}.Debug|Any CPU.ActiveCfg = Debug|Any CPU
		{EFBC0B0D-63C3-4110-8743-F4997BA3EECE}.Debug|Any CPU.Build.0 = Debug|Any CPU
		{EFBC0B0D-63C3-4110-8743-F4997BA3EECE}.Release|Any CPU.ActiveCfg = Release|Any CPU
		{EFBC0B0D-63C3-4110-8743-F4997BA3EECE}.Release|Any CPU.Build.0 = Release|Any CPU
		{C811511B-F650-47AB-9E53-E1003C5B7859}.Debug|Any CPU.ActiveCfg = Debug|Any CPU
		{C811511B-F650-47AB-9E53-E1003C5B7859}.Debug|Any CPU.Build.0 = Debug|Any CPU
		{C811511B-F650-47AB-9E53-E1003C5B7859}.Release|Any CPU.ActiveCfg = Release|Any CPU
		{C811511B-F650-47AB-9E53-E1003C5B7859}.Release|Any CPU.Build.0 = Release|Any CPU
	EndGlobalSection
	GlobalSection(SolutionProperties) = preSolution
		HideSolutionNode = FALSE
	EndGlobalSection
	GlobalSection(NestedProjects) = preSolution
		{CD3B436C-E488-4001-89BC-EB2C132AAF09} = {9DCCC5B1-E7CA-4FB1-BB5B-AB09E3B1D929}
		{31D711C7-86B5-4E76-B185-7B27A723A5AA} = {9DCCC5B1-E7CA-4FB1-BB5B-AB09E3B1D929}
		{C7C6B9F9-EB5E-43F1-9708-811FE552407F} = {9DCCC5B1-E7CA-4FB1-BB5B-AB09E3B1D929}
		{D6ED4055-2A3B-4BEF-A76B-230F6FE7749F} = {9DCCC5B1-E7CA-4FB1-BB5B-AB09E3B1D929}
		{EA0642AC-62F1-495A-A123-B6BDAB4BC202} = {CD3B436C-E488-4001-89BC-EB2C132AAF09}
		{C14C4BE8-0C68-4A93-B324-06434BD0DFDE} = {CD3B436C-E488-4001-89BC-EB2C132AAF09}
		{84944841-BF3F-4D17-AAD5-512D2A5B09E9} = {31D711C7-86B5-4E76-B185-7B27A723A5AA}
		{13062522-E73E-432C-BA86-E06195AA0EF7} = {D6ED4055-2A3B-4BEF-A76B-230F6FE7749F}
		{D40600FC-6210-4CD3-A5C7-29C0EF0DBE70} = {D6ED4055-2A3B-4BEF-A76B-230F6FE7749F}
		{EFBC0B0D-63C3-4110-8743-F4997BA3EECE} = {D6ED4055-2A3B-4BEF-A76B-230F6FE7749F}
		{C811511B-F650-47AB-9E53-E1003C5B7859} = {C7C6B9F9-EB5E-43F1-9708-811FE552407F}
	EndGlobalSection
	GlobalSection(ExtensibilityGlobals) = postSolution
		SolutionGuid = {20527E09-2C5F-405C-BF26-62D8E93E7456}
	EndGlobalSection
EndGlobal
